
Microsoft Visual Studio Solution File, Format Version 12.00
# Visual Studio 2012
Project("{FAE04EC0-301F-11D3-BF4B-00C04F79EFBC}") = "GCR.Business", "GCR.Business\GCR.Business.csproj", "{382C44DA-6A4C-4196-86AF-04704373BF51}"
EndProject
Project("{FAE04EC0-301F-11D3-BF4B-00C04F79EFBC}") = "GCR.Web", "GCR.Web\GCR.Web.csproj", "{88AA04EA-DE06-4048-AC97-8349816424C8}"
EndProject
Project("{FAE04EC0-301F-11D3-BF4B-00C04F79EFBC}") = "GCR.Web.Tests", "GCR.Web.Tests\GCR.Web.Tests.csproj", "{DEE9B787-AAE0-44A8-81A5-1C722BB1FCA4}"
EndProject
Project("{FAE04EC0-301F-11D3-BF4B-00C04F79EFBC}") = "GCR.Core", "GCR.Core\GCR.Core.csproj", "{354E0669-442B-4430-875D-97444B384FE9}"
EndProject
Project("{FAE04EC0-301F-11D3-BF4B-00C04F79EFBC}") = "GCR.Model", "GCR.Model\GCR.Model.csproj", "{D4E079F5-3ACD-460F-A1EA-30ED20F667F0}"
EndProject
Project("{00D1A9C2-B5F0-4AF3-8072-F6C62B433612}") = "GCR.Database", "GCR.Database\GCR.Database.sqlproj", "{52678250-FE5D-40B2-B98F-5DC6D054A971}"
EndProject
Project("{2150E333-8FDC-42A3-9474-1A3956D46DE8}") = ".nuget", ".nuget", "{49C871B2-82E5-450A-8AB0-BBE984A2E473}"
	ProjectSection(SolutionItems) = preProject
		.nuget\NuGet.Config = .nuget\NuGet.Config
		.nuget\NuGet.exe = .nuget\NuGet.exe
		.nuget\NuGet.targets = .nuget\NuGet.targets
	EndProjectSection
EndProject
Project("{CC5FD16D-436D-48AD-A40C-5A424C6E3E79}") = "GCR.Azure", "GCR.Azure\GCR.Azure.ccproj", "{2B522278-A239-4EED-A791-CB4D13FD4427}"
EndProject
Global
	GlobalSection(SolutionConfigurationPlatforms) = preSolution
		AzureDebug|Any CPU = AzureDebug|Any CPU
		AzureRelease|Any CPU = AzureRelease|Any CPU
		Debug|Any CPU = Debug|Any CPU
		Release|Any CPU = Release|Any CPU
	EndGlobalSection
	GlobalSection(ProjectConfigurationPlatforms) = postSolution
		{382C44DA-6A4C-4196-86AF-04704373BF51}.AzureDebug|Any CPU.ActiveCfg = AzureDebug|Any CPU
		{382C44DA-6A4C-4196-86AF-04704373BF51}.AzureDebug|Any CPU.Build.0 = AzureDebug|Any CPU
		{382C44DA-6A4C-4196-86AF-04704373BF51}.AzureRelease|Any CPU.ActiveCfg = AzureRelease|Any CPU
		{382C44DA-6A4C-4196-86AF-04704373BF51}.AzureRelease|Any CPU.Build.0 = AzureRelease|Any CPU
		{382C44DA-6A4C-4196-86AF-04704373BF51}.Debug|Any CPU.ActiveCfg = Debug|Any CPU
		{382C44DA-6A4C-4196-86AF-04704373BF51}.Debug|Any CPU.Build.0 = Debug|Any CPU
		{382C44DA-6A4C-4196-86AF-04704373BF51}.Release|Any CPU.ActiveCfg = Release|Any CPU
		{382C44DA-6A4C-4196-86AF-04704373BF51}.Release|Any CPU.Build.0 = Release|Any CPU
		{88AA04EA-DE06-4048-AC97-8349816424C8}.AzureDebug|Any CPU.ActiveCfg = AzureDebug|Any CPU
		{88AA04EA-DE06-4048-AC97-8349816424C8}.AzureDebug|Any CPU.Build.0 = AzureDebug|Any CPU
		{88AA04EA-DE06-4048-AC97-8349816424C8}.AzureRelease|Any CPU.ActiveCfg = AzureRelease|Any CPU
		{88AA04EA-DE06-4048-AC97-8349816424C8}.AzureRelease|Any CPU.Build.0 = AzureRelease|Any CPU
		{88AA04EA-DE06-4048-AC97-8349816424C8}.Debug|Any CPU.ActiveCfg = Debug|Any CPU
		{88AA04EA-DE06-4048-AC97-8349816424C8}.Debug|Any CPU.Build.0 = Debug|Any CPU
		{88AA04EA-DE06-4048-AC97-8349816424C8}.Release|Any CPU.ActiveCfg = Release|Any CPU
		{88AA04EA-DE06-4048-AC97-8349816424C8}.Release|Any CPU.Build.0 = Release|Any CPU
		{DEE9B787-AAE0-44A8-81A5-1C722BB1FCA4}.AzureDebug|Any CPU.ActiveCfg = AzureDebug|Any CPU
		{DEE9B787-AAE0-44A8-81A5-1C722BB1FCA4}.AzureDebug|Any CPU.Build.0 = AzureDebug|Any CPU
		{DEE9B787-AAE0-44A8-81A5-1C722BB1FCA4}.AzureRelease|Any CPU.ActiveCfg = AzureRelease|Any CPU
		{DEE9B787-AAE0-44A8-81A5-1C722BB1FCA4}.AzureRelease|Any CPU.Build.0 = AzureRelease|Any CPU
		{DEE9B787-AAE0-44A8-81A5-1C722BB1FCA4}.Debug|Any CPU.ActiveCfg = Debug|Any CPU
		{DEE9B787-AAE0-44A8-81A5-1C722BB1FCA4}.Debug|Any CPU.Build.0 = Debug|Any CPU
		{DEE9B787-AAE0-44A8-81A5-1C722BB1FCA4}.Release|Any CPU.ActiveCfg = Release|Any CPU
		{DEE9B787-AAE0-44A8-81A5-1C722BB1FCA4}.Release|Any CPU.Build.0 = Release|Any CPU
		{354E0669-442B-4430-875D-97444B384FE9}.AzureDebug|Any CPU.ActiveCfg = AzureDebug|Any CPU
		{354E0669-442B-4430-875D-97444B384FE9}.AzureDebug|Any CPU.Build.0 = AzureDebug|Any CPU
		{354E0669-442B-4430-875D-97444B384FE9}.AzureRelease|Any CPU.ActiveCfg = AzureRelease|Any CPU
		{354E0669-442B-4430-875D-97444B384FE9}.AzureRelease|Any CPU.Build.0 = AzureRelease|Any CPU
		{354E0669-442B-4430-875D-97444B384FE9}.Debug|Any CPU.ActiveCfg = Debug|Any CPU
		{354E0669-442B-4430-875D-97444B384FE9}.Debug|Any CPU.Build.0 = Debug|Any CPU
		{354E0669-442B-4430-875D-97444B384FE9}.Release|Any CPU.ActiveCfg = Release|Any CPU
		{354E0669-442B-4430-875D-97444B384FE9}.Release|Any CPU.Build.0 = Release|Any CPU
		{D4E079F5-3ACD-460F-A1EA-30ED20F667F0}.AzureDebug|Any CPU.ActiveCfg = AzureDebug|Any CPU
		{D4E079F5-3ACD-460F-A1EA-30ED20F667F0}.AzureDebug|Any CPU.Build.0 = AzureDebug|Any CPU
		{D4E079F5-3ACD-460F-A1EA-30ED20F667F0}.AzureRelease|Any CPU.ActiveCfg = AzureRelease|Any CPU
		{D4E079F5-3ACD-460F-A1EA-30ED20F667F0}.AzureRelease|Any CPU.Build.0 = AzureRelease|Any CPU
		{D4E079F5-3ACD-460F-A1EA-30ED20F667F0}.Debug|Any CPU.ActiveCfg = Debug|Any CPU
		{D4E079F5-3ACD-460F-A1EA-30ED20F667F0}.Debug|Any CPU.Build.0 = Debug|Any CPU
		{D4E079F5-3ACD-460F-A1EA-30ED20F667F0}.Release|Any CPU.ActiveCfg = Release|Any CPU
		{D4E079F5-3ACD-460F-A1EA-30ED20F667F0}.Release|Any CPU.Build.0 = Release|Any CPU
		{52678250-FE5D-40B2-B98F-5DC6D054A971}.AzureDebug|Any CPU.ActiveCfg = AzureDebug|Any CPU
		{52678250-FE5D-40B2-B98F-5DC6D054A971}.AzureRelease|Any CPU.ActiveCfg = AzureRelease|Any CPU
		{52678250-FE5D-40B2-B98F-5DC6D054A971}.Debug|Any CPU.ActiveCfg = Debug|Any CPU
		{52678250-FE5D-40B2-B98F-5DC6D054A971}.Release|Any CPU.ActiveCfg = Release|Any CPU
		{2B522278-A239-4EED-A791-CB4D13FD4427}.AzureDebug|Any CPU.ActiveCfg = AzureDebug|Any CPU
		{2B522278-A239-4EED-A791-CB4D13FD4427}.AzureDebug|Any CPU.Build.0 = AzureDebug|Any CPU
		{2B522278-A239-4EED-A791-CB4D13FD4427}.AzureRelease|Any CPU.ActiveCfg = AzureRelease|Any CPU
		{2B522278-A239-4EED-A791-CB4D13FD4427}.AzureRelease|Any CPU.Build.0 = AzureRelease|Any CPU
		{2B522278-A239-4EED-A791-CB4D13FD4427}.Debug|Any CPU.ActiveCfg = Debug|Any CPU
		{2B522278-A239-4EED-A791-CB4D13FD4427}.Debug|Any CPU.Build.0 = Debug|Any CPU
		{2B522278-A239-4EED-A791-CB4D13FD4427}.Release|Any CPU.ActiveCfg = Release|Any CPU
		{2B522278-A239-4EED-A791-CB4D13FD4427}.Release|Any CPU.Build.0 = Release|Any CPU
	EndGlobalSection
	GlobalSection(SolutionProperties) = preSolution
		HideSolutionNode = FALSE
	EndGlobalSection
EndGlobal
